// !$*UTF8*$!
{
	archiveVersion = 1;
	classes = {
	};
	objectVersion = 46;
	objects = {

/* Begin PBXBuildFile section */
		B00781E91DF4C0DF00233D2A /* AppDelegate.swift in Sources */ = {isa = PBXBuildFile; fileRef = B00781E81DF4C0DF00233D2A /* AppDelegate.swift */; };
		B00781EB1DF4C0DF00233D2A /* ViewController.swift in Sources */ = {isa = PBXBuildFile; fileRef = B00781EA1DF4C0DF00233D2A /* ViewController.swift */; };
		B00781EE1DF4C0DF00233D2A /* Main.storyboard in Resources */ = {isa = PBXBuildFile; fileRef = B00781EC1DF4C0DF00233D2A /* Main.storyboard */; };
		B00781F01DF4C0DF00233D2A /* Assets.xcassets in Resources */ = {isa = PBXBuildFile; fileRef = B00781EF1DF4C0DF00233D2A /* Assets.xcassets */; };
		B00781F31DF4C0DF00233D2A /* LaunchScreen.storyboard in Resources */ = {isa = PBXBuildFile; fileRef = B00781F11DF4C0DF00233D2A /* LaunchScreen.storyboard */; };
		B00781FE1DF4C0DF00233D2A /* FoodTrackerTests.swift in Sources */ = {isa = PBXBuildFile; fileRef = B00781FD1DF4C0DF00233D2A /* FoodTrackerTests.swift */; };
		B00782091DF4C17700233D2A /* Notes.txt in Resources */ = {isa = PBXBuildFile; fileRef = B00782081DF4C17700233D2A /* Notes.txt */; };
/* End PBXBuildFile section */

/* Begin PBXContainerItemProxy section */
		B00781FA1DF4C0DF00233D2A /* PBXContainerItemProxy */ = {
			isa = PBXContainerItemProxy;
			containerPortal = B00781DD1DF4C0DF00233D2A /* Project object */;
			proxyType = 1;
			remoteGlobalIDString = B00781E41DF4C0DF00233D2A;
			remoteInfo = FoodTracker;
		};
/* End PBXContainerItemProxy section */

/* Begin PBXFileReference section */
		B00781E51DF4C0DF00233D2A /* FoodTracker.app */ = {isa = PBXFileReference; explicitFileType = wrapper.application; includeInIndex = 0; path = FoodTracker.app; sourceTree = BUILT_PRODUCTS_DIR; };
		B00781E81DF4C0DF00233D2A /* AppDelegate.swift */ = {isa = PBXFileReference; lastKnownFileType = sourcecode.swift; path = AppDelegate.swift; sourceTree = "<group>"; };
		B00781EA1DF4C0DF00233D2A /* ViewController.swift */ = {isa = PBXFileReference; lastKnownFileType = sourcecode.swift; path = ViewController.swift; sourceTree = "<group>"; };
		B00781ED1DF4C0DF00233D2A /* Base */ = {isa = PBXFileReference; lastKnownFileType = file.storyboard; name = Base; path = Base.lproj/Main.storyboard; sourceTree = "<group>"; };
		B00781EF1DF4C0DF00233D2A /* Assets.xcassets */ = {isa = PBXFileReference; lastKnownFileType = folder.assetcatalog; path = Assets.xcassets; sourceTree = "<group>"; };
		B00781F21DF4C0DF00233D2A /* Base */ = {isa = PBXFileReference; lastKnownFileType = file.storyboard; name = Base; path = Base.lproj/LaunchScreen.storyboard; sourceTree = "<group>"; };
		B00781F41DF4C0DF00233D2A /* Info.plist */ = {isa = PBXFileReference; lastKnownFileType = text.plist.xml; path = Info.plist; sourceTree = "<group>"; };
		B00781F91DF4C0DF00233D2A /* FoodTrackerTests.xctest */ = {isa = PBXFileReference; explicitFileType = wrapper.cfbundle; includeInIndex = 0; path = FoodTrackerTests.xctest; sourceTree = BUILT_PRODUCTS_DIR; };
		B00781FD1DF4C0DF00233D2A /* FoodTrackerTests.swift */ = {isa = PBXFileReference; lastKnownFileType = sourcecode.swift; path = FoodTrackerTests.swift; sourceTree = "<group>"; };
		B00781FF1DF4C0DF00233D2A /* Info.plist */ = {isa = PBXFileReference; lastKnownFileType = text.plist.xml; path = Info.plist; sourceTree = "<group>"; };
		B00782081DF4C17700233D2A /* Notes.txt */ = {isa = PBXFileReference; fileEncoding = 4; lastKnownFileType = text; path = Notes.txt; sourceTree = "<group>"; };
/* End PBXFileReference section */

/* Begin PBXFrameworksBuildPhase section */
		B00781E21DF4C0DF00233D2A /* Frameworks */ = {
			isa = PBXFrameworksBuildPhase;
			buildActionMask = 2147483647;
			files = (
			);
			runOnlyForDeploymentPostprocessing = 0;
		};
		B00781F61DF4C0DF00233D2A /* Frameworks */ = {
			isa = PBXFrameworksBuildPhase;
			buildActionMask = 2147483647;
			files = (
			);
			runOnlyForDeploymentPostprocessing = 0;
		};
/* End PBXFrameworksBuildPhase section */

/* Begin PBXGroup section */
		B00781DC1DF4C0DF00233D2A = {
			isa = PBXGroup;
			children = (
				B00782081DF4C17700233D2A /* Notes.txt */,
				B00781E71DF4C0DF00233D2A /* FoodTracker */,
				B00781FC1DF4C0DF00233D2A /* FoodTrackerTests */,
				B00781E61DF4C0DF00233D2A /* Products */,
			);
			sourceTree = "<group>";
		};
		B00781E61DF4C0DF00233D2A /* Products */ = {
			isa = PBXGroup;
			children = (
				B00781E51DF4C0DF00233D2A /* FoodTracker.app */,
				B00781F91DF4C0DF00233D2A /* FoodTrackerTests.xctest */,
			);
			name = Products;
			sourceTree = "<group>";
		};
		B00781E71DF4C0DF00233D2A /* FoodTracker */ = {
			isa = PBXGroup;
			children = (
				B00781E81DF4C0DF00233D2A /* AppDelegate.swift */,
				B00781EA1DF4C0DF00233D2A /* ViewController.swift */,
				B00781EC1DF4C0DF00233D2A /* Main.storyboard */,
				B00781EF1DF4C0DF00233D2A /* Assets.xcassets */,
				B00781F11DF4C0DF00233D2A /* LaunchScreen.storyboard */,
				B00781F41DF4C0DF00233D2A /* Info.plist */,
			);
			path = FoodTracker;
			sourceTree = "<group>";
		};
		B00781FC1DF4C0DF00233D2A /* FoodTrackerTests */ = {
			isa = PBXGroup;
			children = (
				B00781FD1DF4C0DF00233D2A /* FoodTrackerTests.swift */,
				B00781FF1DF4C0DF00233D2A /* Info.plist */,
			);
			path = FoodTrackerTests;
			sourceTree = "<group>";
		};
/* End PBXGroup section */

/* Begin PBXNativeTarget section */
		B00781E41DF4C0DF00233D2A /* FoodTracker */ = {
			isa = PBXNativeTarget;
			buildConfigurationList = B00782021DF4C0DF00233D2A /* Build configuration list for PBXNativeTarget "FoodTracker" */;
			buildPhases = (
				B00781E11DF4C0DF00233D2A /* Sources */,
				B00781E21DF4C0DF00233D2A /* Frameworks */,
				B00781E31DF4C0DF00233D2A /* Resources */,
			);
			buildRules = (
			);
			dependencies = (
			);
			name = FoodTracker;
			productName = FoodTracker;
			productReference = B00781E51DF4C0DF00233D2A /* FoodTracker.app */;
			productType = "com.apple.product-type.application";
		};
		B00781F81DF4C0DF00233D2A /* FoodTrackerTests */ = {
			isa = PBXNativeTarget;
			buildConfigurationList = B00782051DF4C0DF00233D2A /* Build configuration list for PBXNativeTarget "FoodTrackerTests" */;
			buildPhases = (
				B00781F51DF4C0DF00233D2A /* Sources */,
				B00781F61DF4C0DF00233D2A /* Frameworks */,
				B00781F71DF4C0DF00233D2A /* Resources */,
			);
			buildRules = (
			);
			dependencies = (
				B00781FB1DF4C0DF00233D2A /* PBXTargetDependency */,
			);
			name = FoodTrackerTests;
			productName = FoodTrackerTests;
			productReference = B00781F91DF4C0DF00233D2A /* FoodTrackerTests.xctest */;
			productType = "com.apple.product-type.bundle.unit-test";
		};
/* End PBXNativeTarget section */

/* Begin PBXProject section */
		B00781DD1DF4C0DF00233D2A /* Project object */ = {
			isa = PBXProject;
			attributes = {
				LastSwiftUpdateCheck = 0800;
				LastUpgradeCheck = 0800;
				ORGANIZATIONNAME = "Tim Beals";
				TargetAttributes = {
					B00781E41DF4C0DF00233D2A = {
						CreatedOnToolsVersion = 8.0;
						ProvisioningStyle = Automatic;
					};
					B00781F81DF4C0DF00233D2A = {
						CreatedOnToolsVersion = 8.0;
						ProvisioningStyle = Automatic;
						TestTargetID = B00781E41DF4C0DF00233D2A;
					};
				};
			};
			buildConfigurationList = B00781E01DF4C0DF00233D2A /* Build configuration list for PBXProject "FoodTracker" */;
			compatibilityVersion = "Xcode 3.2";
			developmentRegion = English;
			hasScannedForEncodings = 0;
			knownRegions = (
				en,
				Base,
			);
			mainGroup = B00781DC1DF4C0DF00233D2A;
			productRefGroup = B00781E61DF4C0DF00233D2A /* Products */;
			projectDirPath = "";
			projectRoot = "";
			targets = (
				B00781E41DF4C0DF00233D2A /* FoodTracker */,
				B00781F81DF4C0DF00233D2A /* FoodTrackerTests */,
			);
		};
/* End PBXProject section */

/* Begin PBXResourcesBuildPhase section */
		B00781E31DF4C0DF00233D2A /* Resources */ = {
			isa = PBXResourcesBuildPhase;
			buildActionMask = 2147483647;
			files = (
				B00782091DF4C17700233D2A /* Notes.txt in Resources */,
				B00781F31DF4C0DF00233D2A /* LaunchScreen.storyboard in Resources */,
				B00781F01DF4C0DF00233D2A /* Assets.xcassets in Resources */,
				B00781EE1DF4C0DF00233D2A /* Main.storyboard in Resources */,
			);
			runOnlyForDeploymentPostprocessing = 0;
		};
		B00781F71DF4C0DF00233D2A /* Resources */ = {
			isa = PBXResourcesBuildPhase;
			buildActionMask = 2147483647;
			files = (
			);
			runOnlyForDeploymentPostprocessing = 0;
		};
/* End PBXResourcesBuildPhase section */

/* Begin PBXSourcesBuildPhase section */
		B00781E11DF4C0DF00233D2A /* Sources */ = {
			isa = PBXSourcesBuildPhase;
			buildActionMask = 2147483647;
			files = (
				B00781EB1DF4C0DF00233D2A /* ViewController.swift in Sources */,
				B00781E91DF4C0DF00233D2A /* AppDelegate.swift in Sources */,
			);
			runOnlyForDeploymentPostprocessing = 0;
		};
		B00781F51DF4C0DF00233D2A /* Sources */ = {
			isa = PBXSourcesBuildPhase;
			buildActionMask = 2147483647;
			files = (
				B00781FE1DF4C0DF00233D2A /* FoodTrackerTests.swift in Sources */,
			);
			runOnlyForDeploymentPostprocessing = 0;
		};
/* End PBXSourcesBuildPhase section */

/* Begin PBXTargetDependency section */
		B00781FB1DF4C0DF00233D2A /* PBXTargetDependency */ = {
			isa = PBXTargetDependency;
			target = B00781E41DF4C0DF00233D2A /* FoodTracker */;
			targetProxy = B00781FA1DF4C0DF00233D2A /* PBXContainerItemProxy */;
		};
/* End PBXTargetDependency section */

/* Begin PBXVariantGroup section */
		B00781EC1DF4C0DF00233D2A /* Main.storyboard */ = {
			isa = PBXVariantGroup;
			children = (
				B00781ED1DF4C0DF00233D2A /* Base */,
			);
			name = Main.storyboard;
			sourceTree = "<group>";
		};
		B00781F11DF4C0DF00233D2A /* LaunchScreen.storyboard */ = {
			isa = PBXVariantGroup;
			children = (
				B00781F21DF4C0DF00233D2A /* Base */,
			);
			name = LaunchScreen.storyboard;
			sourceTree = "<group>";
		};
/* End PBXVariantGroup section */

/* Begin XCBuildConfiguration section */
		B00782001DF4C0DF00233D2A /* Debug */ = {
			isa = XCBuildConfiguration;
			buildSettings = {
				ALWAYS_SEARCH_USER_PATHS = NO;
				CLANG_ANALYZER_NONNULL = YES;
				CLANG_CXX_LANGUAGE_STANDARD = "gnu++0x";
				CLANG_CXX_LIBRARY = "libc++";
				CLANG_ENABLE_MODULES = YES;
				CLANG_ENABLE_OBJC_ARC = YES;
				CLANG_WARN_BOOL_CONVERSION = YES;
				CLANG_WARN_CONSTANT_CONVERSION = YES;
				CLANG_WARN_DIRECT_OBJC_ISA_USAGE = YES_ERROR;
				CLANG_WARN_DOCUMENTATION_COMMENTS = YES;
				CLANG_WARN_EMPTY_BODY = YES;
				CLANG_WARN_ENUM_CONVERSION = YES;
				CLANG_WARN_INFINITE_RECURSION = YES;
				CLANG_WARN_INT_CONVERSION = YES;
				CLANG_WARN_OBJC_ROOT_CLASS = YES_ERROR;
				CLANG_WARN_SUSPICIOUS_MOVES = YES;
				CLANG_WARN_UNREACHABLE_CODE = YES;
				CLANG_WARN__DUPLICATE_METHOD_MATCH = YES;
				"CODE_SIGN_IDENTITY[sdk=iphoneos*]" = "iPhone Developer";
				COPY_PHASE_STRIP = NO;
				DEBUG_INFORMATION_FORMAT = dwarf;
				ENABLE_STRICT_OBJC_MSGSEND = YES;
				ENABLE_TESTABILITY = YES;
				GCC_C_LANGUAGE_STANDARD = gnu99;
				GCC_DYNAMIC_NO_PIC = NO;
				GCC_NO_COMMON_BLOCKS = YES;
				GCC_OPTIMIZATION_LEVEL = 0;
				GCC_PREPROCESSOR_DEFINITIONS = (
					"DEBUG=1",
					"$(inherited)",
				);
				GCC_WARN_64_TO_32_BIT_CONVERSION = YES;
				GCC_WARN_ABOUT_RETURN_TYPE = YES_ERROR;
				GCC_WARN_UNDECLARED_SELECTOR = YES;
				GCC_WARN_UNINITIALIZED_AUTOS = YES_AGGRESSIVE;
				GCC_WARN_UNUSED_FUNCTION = YES;
				GCC_WARN_UNUSED_VARIABLE = YES;
				IPHONEOS_DEPLOYMENT_TARGET = 10.0;
				MTL_ENABLE_DEBUG_INFO = YES;
				ONLY_ACTIVE_ARCH = YES;
				SDKROOT = iphoneos;
				SWIFT_ACTIVE_COMPILATION_CONDITIONS = DEBUG;
				SWIFT_OPTIMIZATION_LEVEL = "-Onone";
				TARGETED_DEVICE_FAMILY = "1,2";
			};
			name = Debug;
		};
		B00782011DF4C0DF00233D2A /* Release */ = {
			isa = XCBuildConfiguration;
			buildSettings = {
				ALWAYS_SEARCH_USER_PATHS = NO;
				CLANG_ANALYZER_NONNULL = YES;
				CLANG_CXX_LANGUAGE_STANDARD = "gnu++0x";
				CLANG_CXX_LIBRARY = "libc++";
				CLANG_ENABLE_MODULES = YES;
				CLANG_ENABLE_OBJC_ARC = YES;
				CLANG_WARN_BOOL_CONVERSION = YES;
				CLANG_WARN_CONSTANT_CONVERSION = YES;
				CLANG_WARN_DIRECT_OBJC_ISA_USAGE = YES_ERROR;
				CLANG_WARN_DOCUMENTATION_COMMENTS = YES;
				CLANG_WARN_EMPTY_BODY = YES;
				CLANG_WARN_ENUM_CONVERSION = YES;
				CLANG_WARN_INFINITE_RECURSION = YES;
				CLANG_WARN_INT_CONVERSION = YES;
				CLANG_WARN_OBJC_ROOT_CLASS = YES_ERROR;
				CLANG_WARN_SUSPICIOUS_MOVES = YES;
				CLANG_WARN_UNREACHABLE_CODE = YES;
				CLANG_WARN__DUPLICATE_METHOD_MATCH = YES;
				"CODE_SIGN_IDENTITY[sdk=iphoneos*]" = "iPhone Developer";
				COPY_PHASE_STRIP = NO;
				DEBUG_INFORMATION_FORMAT = "dwarf-with-dsym";
				ENABLE_NS_ASSERTIONS = NO;
				ENABLE_STRICT_OBJC_MSGSEND = YES;
				GCC_C_LANGUAGE_STANDARD = gnu99;
				GCC_NO_COMMON_BLOCKS = YES;
				GCC_WARN_64_TO_32_BIT_CONVERSION = YES;
				GCC_WARN_ABOUT_RETURN_TYPE = YES_ERROR;
				GCC_WARN_UNDECLARED_SELECTOR = YES;
				GCC_WARN_UNINITIALIZED_AUTOS = YES_AGGRESSIVE;
				GCC_WARN_UNUSED_FUNCTION = YES;
				GCC_WARN_UNUSED_VARIABLE = YES;
				IPHONEOS_DEPLOYMENT_TARGET = 10.0;
				MTL_ENABLE_DEBUG_INFO = NO;
				SDKROOT = iphoneos;
				SWIFT_OPTIMIZATION_LEVEL = "-Owholemodule";
				TARGETED_DEVICE_FAMILY = "1,2";
				VALIDATE_PRODUCT = YES;
			};
			name = Release;
		};
		B00782031DF4C0DF00233D2A /* Debug */ = {
			isa = XCBuildConfiguration;
			buildSettings = {
				ASSETCATALOG_COMPILER_APPICON_NAME = AppIcon;
				INFOPLIST_FILE = FoodTracker/Info.plist;
				LD_RUNPATH_SEARCH_PATHS = "$(inherited) @executable_path/Frameworks";
				PRODUCT_BUNDLE_IDENTIFIER = com.timbeals.FoodTracker;
				PRODUCT_NAME = "$(TARGET_NAME)";
				SWIFT_VERSION = 3.0;
			};
			name = Debug;
		};
		B00782041DF4C0DF00233D2A /* Release */ = {
			isa = XCBuildConfiguration;
			buildSettings = {
				ASSETCATALOG_COMPILER_APPICON_NAME = AppIcon;
				INFOPLIST_FILE = FoodTracker/Info.plist;
				LD_RUNPATH_SEARCH_PATHS = "$(inherited) @executable_path/Frameworks";
				PRODUCT_BUNDLE_IDENTIFIER = com.timbeals.FoodTracker;
				PRODUCT_NAME = "$(TARGET_NAME)";
				SWIFT_VERSION = 3.0;
			};
			name = Release;
		};
		B00782061DF4C0DF00233D2A /* Debug */ = {
			isa = XCBuildConfiguration;
			buildSettings = {
				ALWAYS_EMBED_SWIFT_STANDARD_LIBRARIES = YES;
				BUNDLE_LOADER = "$(TEST_HOST)";
				INFOPLIST_FILE = FoodTrackerTests/Info.plist;
				LD_RUNPATH_SEARCH_PATHS = "$(inherited) @executable_path/Frameworks @loader_path/Frameworks";
				PRODUCT_BUNDLE_IDENTIFIER = com.timbeals.FoodTrackerTests;
				PRODUCT_NAME = "$(TARGET_NAME)";
				SWIFT_VERSION = 3.0;
				TEST_HOST = "$(BUILT_PRODUCTS_DIR)/FoodTracker.app/FoodTracker";
			};
			name = Debug;
		};
		B00782071DF4C0DF00233D2A /* Release */ = {
			isa = XCBuildConfiguration;
			buildSettings = {
				ALWAYS_EMBED_SWIFT_STANDARD_LIBRARIES = YES;
				BUNDLE_LOADER = "$(TEST_HOST)";
				INFOPLIST_FILE = FoodTrackerTests/Info.plist;
				LD_RUNPATH_SEARCH_PATHS = "$(inherited) @executable_path/Frameworks @loader_path/Frameworks";
				PRODUCT_BUNDLE_IDENTIFIER = com.timbeals.FoodTrackerTests;
				PRODUCT_NAME = "$(TARGET_NAME)";
				SWIFT_VERSION = 3.0;
				TEST_HOST = "$(BUILT_PRODUCTS_DIR)/FoodTracker.app/FoodTracker";
			};
			name = Release;
		};
/* End XCBuildConfiguration section */

/* Begin XCConfigurationList section */
		B00781E01DF4C0DF00233D2A /* Build configuration list for PBXProject "FoodTracker" */ = {
			isa = XCConfigurationList;
			buildConfigurations = (
				B00782001DF4C0DF00233D2A /* Debug */,
				B00782011DF4C0DF00233D2A /* Release */,
			);
			defaultConfigurationIsVisible = 0;
			defaultConfigurationName = Release;
		};
		B00782021DF4C0DF00233D2A /* Build configuration list for PBXNativeTarget "FoodTracker" */ = {
			isa = XCConfigurationList;
			buildConfigurations = (
				B00782031DF4C0DF00233D2A /* Debug */,
				B00782041DF4C0DF00233D2A /* Release */,
			);
			defaultConfigurationIsVisible = 0;
		};
		B00782051DF4C0DF00233D2A /* Build configuration list for PBXNativeTarget "FoodTrackerTests" */ = {
			isa = XCConfigurationList;
			buildConfigurations = (
				B00782061DF4C0DF00233D2A /* Debug */,
				B00782071DF4C0DF00233D2A /* Release */,
			);
			defaultConfigurationIsVisible = 0;
		};
/* End XCConfigurationList section */
	};
	rootObject = B00781DD1DF4C0DF00233D2A /* Project object */;
}
